
Microsoft Visual Studio Solution File, Format Version 12.00
# Visual Studio Version 17
VisualStudioVersion = 17.0.32014.148
MinimumVisualStudioVersion = 10.0.40219.1
Project("{FAE04EC0-301F-11D3-BF4B-00C04F79EFBC}") = "CarClassLibrary", "CarClassLibrary\CarClassLibrary.csproj", "{CB48BB2A-A155-40F6-BC6C-5042068BC1C2}"
EndProject
Project("{FAE04EC0-301F-11D3-BF4B-00C04F79EFBC}") = "CarShopConsoleApp", "CarShopConsoleApp\CarShopConsoleApp.csproj", "{5D00AA81-497A-4899-8CE0-44FE55284C90}"
EndProject
Global
	GlobalSection(SolutionConfigurationPlatforms) = preSolution
		Debug|Any CPU = Debug|Any CPU
		Release|Any CPU = Release|Any CPU
	EndGlobalSection
	GlobalSection(ProjectConfigurationPlatforms) = postSolution
		{CB48BB2A-A155-40F6-BC6C-5042068BC1C2}.Debug|Any CPU.ActiveCfg = Debug|Any CPU
		{CB48BB2A-A155-40F6-BC6C-5042068BC1C2}.Debug|Any CPU.Build.0 = Debug|Any CPU
		{CB48BB2A-A155-40F6-BC6C-5042068BC1C2}.Release|Any CPU.ActiveCfg = Release|Any CPU
		{CB48BB2A-A155-40F6-BC6C-5042068BC1C2}.Release|Any CPU.Build.0 = Release|Any CPU
		{5D00AA81-497A-4899-8CE0-44FE55284C90}.Debug|Any CPU.ActiveCfg = Debug|Any CPU
		{5D00AA81-497A-4899-8CE0-44FE55284C90}.Debug|Any CPU.Build.0 = Debug|Any CPU
		{5D00AA81-497A-4899-8CE0-44FE55284C90}.Release|Any CPU.ActiveCfg = Release|Any CPU
		{5D00AA81-497A-4899-8CE0-44FE55284C90}.Release|Any CPU.Build.0 = Release|Any CPU
	EndGlobalSection
	GlobalSection(SolutionProperties) = preSolution
		HideSolutionNode = FALSE
	EndGlobalSection
	GlobalSection(ExtensibilityGlobals) = postSolution
		SolutionGuid = {DE73D097-A324-46E8-A4C8-69FDB8378B9B}
	EndGlobalSection
EndGlobal
